PODS:
  - flutter_exprtk_native (0.0.1):
    - FlutterMacOS
  - FlutterMacOS (1.0.0)

DEPENDENCIES:
  - flutter_exprtk_native (from `Flutter/ephemeral/.symlinks/plugins/flutter_exprtk_native/macos`)
  - FlutterMacOS (from `Flutter/ephemeral`)

EXTERNAL SOURCES:
  flutter_exprtk_native:
    :path: Flutter/ephemeral/.symlinks/plugins/flutter_exprtk_native/macos
  FlutterMacOS:
    :path: Flutter/ephemeral

SPEC CHECKSUMS:
  flutter_exprtk_native: 8ef157a9e8a4f3ff0bd3c4850b4fd54485dd5649
  FlutterMacOS: 8f6f14fa908a6fb3fba0cd85dbd81ec4b251fb24

PODFILE CHECKSUM: 353c8bcc5d5b0994e508d035b5431cfe18c1dea7

COCOAPODS: 1.12.1
